
Microsoft Visual Studio Solution File, Format Version 12.00
# Visual Studio Version 16
VisualStudioVersion = 16.0.29806.167
MinimumVisualStudioVersion = 10.0.40219.1
Project("{FAE04EC0-301F-11D3-BF4B-00C04F79EFBC}") = "MobileToDo.Android", "MobileToDo\MobileToDo.Android\MobileToDo.Android.csproj", "{A2C982D5-6113-4907-9B0C-EABD885432C4}"
EndProject
Project("{FAE04EC0-301F-11D3-BF4B-00C04F79EFBC}") = "MobileToDo", "MobileToDo\MobileToDo\MobileToDo.csproj", "{AC14696F-A58D-47BE-836D-750627229E23}"
EndProject
Global
	GlobalSection(SolutionConfigurationPlatforms) = preSolution
		Debug|Any CPU = Debug|Any CPU
		Release|Any CPU = Release|Any CPU
	EndGlobalSection
	GlobalSection(ProjectConfigurationPlatforms) = postSolution
		{A2C982D5-6113-4907-9B0C-EABD885432C4}.Debug|Any CPU.ActiveCfg = Debug|Any CPU
		{A2C982D5-6113-4907-9B0C-EABD885432C4}.Debug|Any CPU.Build.0 = Debug|Any CPU
		{A2C982D5-6113-4907-9B0C-EABD885432C4}.Debug|Any CPU.Deploy.0 = Debug|Any CPU
		{A2C982D5-6113-4907-9B0C-EABD885432C4}.Release|Any CPU.ActiveCfg = Release|Any CPU
		{A2C982D5-6113-4907-9B0C-EABD885432C4}.Release|Any CPU.Build.0 = Release|Any CPU
		{A2C982D5-6113-4907-9B0C-EABD885432C4}.Release|Any CPU.Deploy.0 = Release|Any CPU
		{AC14696F-A58D-47BE-836D-750627229E23}.Debug|Any CPU.ActiveCfg = Debug|Any CPU
		{AC14696F-A58D-47BE-836D-750627229E23}.Debug|Any CPU.Build.0 = Debug|Any CPU
		{AC14696F-A58D-47BE-836D-750627229E23}.Debug|Any CPU.Deploy.0 = Debug|Any CPU
		{AC14696F-A58D-47BE-836D-750627229E23}.Release|Any CPU.ActiveCfg = Release|Any CPU
		{AC14696F-A58D-47BE-836D-750627229E23}.Release|Any CPU.Build.0 = Release|Any CPU
		{AC14696F-A58D-47BE-836D-750627229E23}.Release|Any CPU.Deploy.0 = Release|Any CPU
	EndGlobalSection
	GlobalSection(SolutionProperties) = preSolution
		HideSolutionNode = FALSE
	EndGlobalSection
	GlobalSection(ExtensibilityGlobals) = postSolution
		SolutionGuid = {03B8A0C9-8E7A-491C-8E18-FEBF1C98573C}
	EndGlobalSection
EndGlobal
